{
  "pins" : [
    {
      "identity" : "sdk-ios-beta",
      "kind" : "remoteSourceControl",
      "location" : "https://github.com/bridgefy/sdk-ios-beta",
      "state" : {
        "revision" : "719e527aa9555c2db5b8654ddceec41adc75fe34",
        "version" : "0.4.2"
      }
    }
  ],
  "version" : 2
}
